PODS:
  - Alamofire (5.7.0)
  - SwiftyJSON (5.0.1)

DEPENDENCIES:
  - Alamofire (= 5.7.0)
  - SwiftyJSON

SPEC REPOS:
  trunk:
    - Alamofire
    - SwiftyJSON

SPEC CHECKSUMS:
  Alamofire: ad60cc5d76abe294f672f51f5aaa4a6ef164ede3
  SwiftyJSON: 2f33a42c6fbc52764d96f13368585094bfd8aa5e

PODFILE CHECKSUM: 6e835e8c5e5e70e23b9e2b6176abf5fa48734528

COCOAPODS: 1.12.1
