// !$*UTF8*$!
{
	archiveVersion = 1;
	classes = {
	};
	objectVersion = 56;
	objects = {

/* Begin PBXBuildFile section */
		775CA8AE2A83C2BC004FF390 /* MealModel.swift in Sources */ = {isa = PBXBuildFile; fileRef = 775CA8AD2A83C2BC004FF390 /* MealModel.swift */; };
		7774958A2A52DDB100703E95 /* StartView.swift in Sources */ = {isa = PBXBuildFile; fileRef = 777495892A52DDB100703E95 /* StartView.swift */; };
		7774958C2A52DFA800703E95 /* MainView.swift in Sources */ = {isa = PBXBuildFile; fileRef = 7774958B2A52DFA800703E95 /* MainView.swift */; };
		7774958E2A52E30700703E95 /* SelectView.swift in Sources */ = {isa = PBXBuildFile; fileRef = 7774958D2A52E30700703E95 /* SelectView.swift */; };
		778F57BC2A83A4C20039A83F /* MealAPI.swift in Sources */ = {isa = PBXBuildFile; fileRef = 778F57BB2A83A4C20039A83F /* MealAPI.swift */; };
		779BEA672A527C6B00D44A8D /* TeriaApp.swift in Sources */ = {isa = PBXBuildFile; fileRef = 779BEA662A527C6B00D44A8D /* TeriaApp.swift */; };
		779BEA692A527C6B00D44A8D /* ContentView.swift in Sources */ = {isa = PBXBuildFile; fileRef = 779BEA682A527C6B00D44A8D /* ContentView.swift */; };
		779BEA6B2A527C6C00D44A8D /* Assets.xcassets in Resources */ = {isa = PBXBuildFile; fileRef = 779BEA6A2A527C6C00D44A8D /* Assets.xcassets */; };
		779BEA6E2A527C6C00D44A8D /* Preview Assets.xcassets in Resources */ = {isa = PBXBuildFile; fileRef = 779BEA6D2A527C6C00D44A8D /* Preview Assets.xcassets */; };
		7B6FC8250A2C8838AFC3A094 /* Pods_Teria.framework in Frameworks */ = {isa = PBXBuildFile; fileRef = D1986AFDF92EE6B2D5632E69 /* Pods_Teria.framework */; };
/* End PBXBuildFile section */

/* Begin PBXFileReference section */
		775CA8AD2A83C2BC004FF390 /* MealModel.swift */ = {isa = PBXFileReference; lastKnownFileType = sourcecode.swift; path = MealModel.swift; sourceTree = "<group>"; };
		777495892A52DDB100703E95 /* StartView.swift */ = {isa = PBXFileReference; lastKnownFileType = sourcecode.swift; path = StartView.swift; sourceTree = "<group>"; };
		7774958B2A52DFA800703E95 /* MainView.swift */ = {isa = PBXFileReference; lastKnownFileType = sourcecode.swift; path = MainView.swift; sourceTree = "<group>"; };
		7774958D2A52E30700703E95 /* SelectView.swift */ = {isa = PBXFileReference; lastKnownFileType = sourcecode.swift; path = SelectView.swift; sourceTree = "<group>"; };
		778F57BB2A83A4C20039A83F /* MealAPI.swift */ = {isa = PBXFileReference; lastKnownFileType = sourcecode.swift; path = MealAPI.swift; sourceTree = "<group>"; };
		779BEA632A527C6B00D44A8D /* Teria.app */ = {isa = PBXFileReference; explicitFileType = wrapper.application; includeInIndex = 0; path = Teria.app; sourceTree = BUILT_PRODUCTS_DIR; };
		779BEA662A527C6B00D44A8D /* TeriaApp.swift */ = {isa = PBXFileReference; lastKnownFileType = sourcecode.swift; path = TeriaApp.swift; sourceTree = "<group>"; };
		779BEA682A527C6B00D44A8D /* ContentView.swift */ = {isa = PBXFileReference; lastKnownFileType = sourcecode.swift; path = ContentView.swift; sourceTree = "<group>"; };
		779BEA6A2A527C6C00D44A8D /* Assets.xcassets */ = {isa = PBXFileReference; lastKnownFileType = folder.assetcatalog; path = Assets.xcassets; sourceTree = "<group>"; };
		779BEA6D2A527C6C00D44A8D /* Preview Assets.xcassets */ = {isa = PBXFileReference; lastKnownFileType = folder.assetcatalog; path = "Preview Assets.xcassets"; sourceTree = "<group>"; };
		D1986AFDF92EE6B2D5632E69 /* Pods_Teria.framework */ = {isa = PBXFileReference; explicitFileType = wrapper.framework; includeInIndex = 0; path = Pods_Teria.framework; sourceTree = BUILT_PRODUCTS_DIR; };
		E0B05EDDA3E8EC0DCB5D290B /* Pods-Teria.debug.xcconfig */ = {isa = PBXFileReference; includeInIndex = 1; lastKnownFileType = text.xcconfig; name = "Pods-Teria.debug.xcconfig"; path = "Target Support Files/Pods-Teria/Pods-Teria.debug.xcconfig"; sourceTree = "<group>"; };
		E680F89485848C934AF9EF5F /* Pods-Teria.release.xcconfig */ = {isa = PBXFileReference; includeInIndex = 1; lastKnownFileType = text.xcconfig; name = "Pods-Teria.release.xcconfig"; path = "Target Support Files/Pods-Teria/Pods-Teria.release.xcconfig"; sourceTree = "<group>"; };
/* End PBXFileReference section */

/* Begin PBXFrameworksBuildPhase section */
		779BEA602A527C6B00D44A8D /* Frameworks */ = {
			isa = PBXFrameworksBuildPhase;
			buildActionMask = 2147483647;
			files = (
				7B6FC8250A2C8838AFC3A094 /* Pods_Teria.framework in Frameworks */,
			);
			runOnlyForDeploymentPostprocessing = 0;
		};
/* End PBXFrameworksBuildPhase section */

/* Begin PBXGroup section */
		775CA8AC2A83C2A5004FF390 /* Models */ = {
			isa = PBXGroup;
			children = (
				775CA8AD2A83C2BC004FF390 /* MealModel.swift */,
			);
			path = Models;
			sourceTree = "<group>";
		};
		777495862A52DD9600703E95 /* Views */ = {
			isa = PBXGroup;
			children = (
				777495892A52DDB100703E95 /* StartView.swift */,
				7774958B2A52DFA800703E95 /* MainView.swift */,
				7774958D2A52E30700703E95 /* SelectView.swift */,
			);
			path = Views;
			sourceTree = "<group>";
		};
		778F57B92A839EB50039A83F /* Resources */ = {
			isa = PBXGroup;
			children = (
			);
			path = Resources;
			sourceTree = "<group>";
		};
		778F57BA2A83A3270039A83F /* Services */ = {
			isa = PBXGroup;
			children = (
				778F57BB2A83A4C20039A83F /* MealAPI.swift */,
			);
			path = Services;
			sourceTree = "<group>";
		};
		779BEA5A2A527C6B00D44A8D = {
			isa = PBXGroup;
			children = (
				779BEA652A527C6B00D44A8D /* Teria */,
				779BEA642A527C6B00D44A8D /* Products */,
				BAF78432131BA7EF357C47D9 /* Pods */,
				F34324113A9B49FD8B17D501 /* Frameworks */,
			);
			sourceTree = "<group>";
		};
		779BEA642A527C6B00D44A8D /* Products */ = {
			isa = PBXGroup;
			children = (
				779BEA632A527C6B00D44A8D /* Teria.app */,
			);
			name = Products;
			sourceTree = "<group>";
		};
		779BEA652A527C6B00D44A8D /* Teria */ = {
			isa = PBXGroup;
			children = (
				775CA8AC2A83C2A5004FF390 /* Models */,
				778F57BA2A83A3270039A83F /* Services */,
				778F57B92A839EB50039A83F /* Resources */,
				777495862A52DD9600703E95 /* Views */,
				779BEA662A527C6B00D44A8D /* TeriaApp.swift */,
				779BEA682A527C6B00D44A8D /* ContentView.swift */,
				779BEA6A2A527C6C00D44A8D /* Assets.xcassets */,
				779BEA6C2A527C6C00D44A8D /* Preview Content */,
			);
			path = Teria;
			sourceTree = "<group>";
		};
		779BEA6C2A527C6C00D44A8D /* Preview Content */ = {
			isa = PBXGroup;
			children = (
				779BEA6D2A527C6C00D44A8D /* Preview Assets.xcassets */,
			);
			path = "Preview Content";
			sourceTree = "<group>";
		};
		BAF78432131BA7EF357C47D9 /* Pods */ = {
			isa = PBXGroup;
			children = (
				E0B05EDDA3E8EC0DCB5D290B /* Pods-Teria.debug.xcconfig */,
				E680F89485848C934AF9EF5F /* Pods-Teria.release.xcconfig */,
			);
			path = Pods;
			sourceTree = "<group>";
		};
		F34324113A9B49FD8B17D501 /* Frameworks */ = {
			isa = PBXGroup;
			children = (
				D1986AFDF92EE6B2D5632E69 /* Pods_Teria.framework */,
			);
			name = Frameworks;
			sourceTree = "<group>";
		};
/* End PBXGroup section */

/* Begin PBXNativeTarget section */
		779BEA622A527C6B00D44A8D /* Teria */ = {
			isa = PBXNativeTarget;
			buildConfigurationList = 779BEA712A527C6C00D44A8D /* Build configuration list for PBXNativeTarget "Teria" */;
			buildPhases = (
				F8ACBEBEB7B5FB8B1DEE5B82 /* [CP] Check Pods Manifest.lock */,
				779BEA5F2A527C6B00D44A8D /* Sources */,
				779BEA602A527C6B00D44A8D /* Frameworks */,
				779BEA612A527C6B00D44A8D /* Resources */,
				A0467DBCB91C92EEAD432ECD /* [CP] Embed Pods Frameworks */,
			);
			buildRules = (
			);
			dependencies = (
			);
			name = Teria;
			productName = Teria;
			productReference = 779BEA632A527C6B00D44A8D /* Teria.app */;
			productType = "com.apple.product-type.application";
		};
/* End PBXNativeTarget section */

/* Begin PBXProject section */
		779BEA5B2A527C6B00D44A8D /* Project object */ = {
			isa = PBXProject;
			attributes = {
				BuildIndependentTargetsInParallel = 1;
				LastSwiftUpdateCheck = 1430;
				LastUpgradeCheck = 1430;
				TargetAttributes = {
					779BEA622A527C6B00D44A8D = {
						CreatedOnToolsVersion = 14.3.1;
					};
				};
			};
			buildConfigurationList = 779BEA5E2A527C6B00D44A8D /* Build configuration list for PBXProject "Teria" */;
			compatibilityVersion = "Xcode 14.0";
			developmentRegion = ko;
			hasScannedForEncodings = 0;
			knownRegions = (
				en,
				Base,
				ko,
			);
			mainGroup = 779BEA5A2A527C6B00D44A8D;
			productRefGroup = 779BEA642A527C6B00D44A8D /* Products */;
			projectDirPath = "";
			projectRoot = "";
			targets = (
				779BEA622A527C6B00D44A8D /* Teria */,
			);
		};
/* End PBXProject section */

/* Begin PBXResourcesBuildPhase section */
		779BEA612A527C6B00D44A8D /* Resources */ = {
			isa = PBXResourcesBuildPhase;
			buildActionMask = 2147483647;
			files = (
				779BEA6E2A527C6C00D44A8D /* Preview Assets.xcassets in Resources */,
				779BEA6B2A527C6C00D44A8D /* Assets.xcassets in Resources */,
			);
			runOnlyForDeploymentPostprocessing = 0;
		};
/* End PBXResourcesBuildPhase section */

/* Begin PBXShellScriptBuildPhase section */
		A0467DBCB91C92EEAD432ECD /* [CP] Embed Pods Frameworks */ = {
			isa = PBXShellScriptBuildPhase;
			buildActionMask = 2147483647;
			files = (
			);
			inputFileListPaths = (
				"${PODS_ROOT}/Target Support Files/Pods-Teria/Pods-Teria-frameworks-${CONFIGURATION}-input-files.xcfilelist",
			);
			name = "[CP] Embed Pods Frameworks";
			outputFileListPaths = (
				"${PODS_ROOT}/Target Support Files/Pods-Teria/Pods-Teria-frameworks-${CONFIGURATION}-output-files.xcfilelist",
			);
			runOnlyForDeploymentPostprocessing = 0;
			shellPath = /bin/sh;
			shellScript = "\"${PODS_ROOT}/Target Support Files/Pods-Teria/Pods-Teria-frameworks.sh\"\n";
			showEnvVarsInLog = 0;
		};
		F8ACBEBEB7B5FB8B1DEE5B82 /* [CP] Check Pods Manifest.lock */ = {
			isa = PBXShellScriptBuildPhase;
			buildActionMask = 2147483647;
			files = (
			);
			inputFileListPaths = (
			);
			inputPaths = (
				"${PODS_PODFILE_DIR_PATH}/Podfile.lock",
				"${PODS_ROOT}/Manifest.lock",
			);
			name = "[CP] Check Pods Manifest.lock";
			outputFileListPaths = (
			);
			outputPaths = (
				"$(DERIVED_FILE_DIR)/Pods-Teria-checkManifestLockResult.txt",
			);
			runOnlyForDeploymentPostprocessing = 0;
			shellPath = /bin/sh;
			shellScript = "diff \"${PODS_PODFILE_DIR_PATH}/Podfile.lock\" \"${PODS_ROOT}/Manifest.lock\" > /dev/null\nif [ $? != 0 ] ; then\n    # print error to STDERR\n    echo \"error: The sandbox is not in sync with the Podfile.lock. Run 'pod install' or update your CocoaPods installation.\" >&2\n    exit 1\nfi\n# This output is used by Xcode 'outputs' to avoid re-running this script phase.\necho \"SUCCESS\" > \"${SCRIPT_OUTPUT_FILE_0}\"\n";
			showEnvVarsInLog = 0;
		};
/* End PBXShellScriptBuildPhase section */

/* Begin PBXSourcesBuildPhase section */
		779BEA5F2A527C6B00D44A8D /* Sources */ = {
			isa = PBXSourcesBuildPhase;
			buildActionMask = 2147483647;
			files = (
				775CA8AE2A83C2BC004FF390 /* MealModel.swift in Sources */,
				7774958E2A52E30700703E95 /* SelectView.swift in Sources */,
				7774958A2A52DDB100703E95 /* StartView.swift in Sources */,
				7774958C2A52DFA800703E95 /* MainView.swift in Sources */,
				779BEA692A527C6B00D44A8D /* ContentView.swift in Sources */,
				779BEA672A527C6B00D44A8D /* TeriaApp.swift in Sources */,
				778F57BC2A83A4C20039A83F /* MealAPI.swift in Sources */,
			);
			runOnlyForDeploymentPostprocessing = 0;
		};
/* End PBXSourcesBuildPhase section */

/* Begin XCBuildConfiguration section */
		779BEA6F2A527C6C00D44A8D /* Debug */ = {
			isa = XCBuildConfiguration;
			buildSettings = {
				ALWAYS_SEARCH_USER_PATHS = NO;
				CLANG_ANALYZER_NONNULL = YES;
				CLANG_ANALYZER_NUMBER_OBJECT_CONVERSION = YES_AGGRESSIVE;
				CLANG_CXX_LANGUAGE_STANDARD = "gnu++20";
				CLANG_ENABLE_MODULES = YES;
				CLANG_ENABLE_OBJC_ARC = YES;
				CLANG_ENABLE_OBJC_WEAK = YES;
				CLANG_WARN_BLOCK_CAPTURE_AUTORELEASING = YES;
				CLANG_WARN_BOOL_CONVERSION = YES;
				CLANG_WARN_COMMA = YES;
				CLANG_WARN_CONSTANT_CONVERSION = YES;
				CLANG_WARN_DEPRECATED_OBJC_IMPLEMENTATIONS = YES;
				CLANG_WARN_DIRECT_OBJC_ISA_USAGE = YES_ERROR;
				CLANG_WARN_DOCUMENTATION_COMMENTS = YES;
				CLANG_WARN_EMPTY_BODY = YES;
				CLANG_WARN_ENUM_CONVERSION = YES;
				CLANG_WARN_INFINITE_RECURSION = YES;
				CLANG_WARN_INT_CONVERSION = YES;
				CLANG_WARN_NON_LITERAL_NULL_CONVERSION = YES;
				CLANG_WARN_OBJC_IMPLICIT_RETAIN_SELF = YES;
				CLANG_WARN_OBJC_LITERAL_CONVERSION = YES;
				CLANG_WARN_OBJC_ROOT_CLASS = YES_ERROR;
				CLANG_WARN_QUOTED_INCLUDE_IN_FRAMEWORK_HEADER = YES;
				CLANG_WARN_RANGE_LOOP_ANALYSIS = YES;
				CLANG_WARN_STRICT_PROTOTYPES = YES;
				CLANG_WARN_SUSPICIOUS_MOVE = YES;
				CLANG_WARN_UNGUARDED_AVAILABILITY = YES_AGGRESSIVE;
				CLANG_WARN_UNREACHABLE_CODE = YES;
				CLANG_WARN__DUPLICATE_METHOD_MATCH = YES;
				COPY_PHASE_STRIP = NO;
				DEBUG_INFORMATION_FORMAT = dwarf;
				ENABLE_STRICT_OBJC_MSGSEND = YES;
				ENABLE_TESTABILITY = YES;
				GCC_C_LANGUAGE_STANDARD = gnu11;
				GCC_DYNAMIC_NO_PIC = NO;
				GCC_NO_COMMON_BLOCKS = YES;
				GCC_OPTIMIZATION_LEVEL = 0;
				GCC_PREPROCESSOR_DEFINITIONS = (
					"DEBUG=1",
					"$(inherited)",
				);
				GCC_WARN_64_TO_32_BIT_CONVERSION = YES;
				GCC_WARN_ABOUT_RETURN_TYPE = YES_ERROR;
				GCC_WARN_UNDECLARED_SELECTOR = YES;
				GCC_WARN_UNINITIALIZED_AUTOS = YES_AGGRESSIVE;
				GCC_WARN_UNUSED_FUNCTION = YES;
				GCC_WARN_UNUSED_VARIABLE = YES;
				IPHONEOS_DEPLOYMENT_TARGET = 16.4;
				MTL_ENABLE_DEBUG_INFO = INCLUDE_SOURCE;
				MTL_FAST_MATH = YES;
				ONLY_ACTIVE_ARCH = YES;
				SDKROOT = iphoneos;
				SWIFT_ACTIVE_COMPILATION_CONDITIONS = DEBUG;
				SWIFT_OPTIMIZATION_LEVEL = "-Onone";
			};
			name = Debug;
		};
		779BEA702A527C6C00D44A8D /* Release */ = {
			isa = XCBuildConfiguration;
			buildSettings = {
				ALWAYS_SEARCH_USER_PATHS = NO;
				CLANG_ANALYZER_NONNULL = YES;
				CLANG_ANALYZER_NUMBER_OBJECT_CONVERSION = YES_AGGRESSIVE;
				CLANG_CXX_LANGUAGE_STANDARD = "gnu++20";
				CLANG_ENABLE_MODULES = YES;
				CLANG_ENABLE_OBJC_ARC = YES;
				CLANG_ENABLE_OBJC_WEAK = YES;
				CLANG_WARN_BLOCK_CAPTURE_AUTORELEASING = YES;
				CLANG_WARN_BOOL_CONVERSION = YES;
				CLANG_WARN_COMMA = YES;
				CLANG_WARN_CONSTANT_CONVERSION = YES;
				CLANG_WARN_DEPRECATED_OBJC_IMPLEMENTATIONS = YES;
				CLANG_WARN_DIRECT_OBJC_ISA_USAGE = YES_ERROR;
				CLANG_WARN_DOCUMENTATION_COMMENTS = YES;
				CLANG_WARN_EMPTY_BODY = YES;
				CLANG_WARN_ENUM_CONVERSION = YES;
				CLANG_WARN_INFINITE_RECURSION = YES;
				CLANG_WARN_INT_CONVERSION = YES;
				CLANG_WARN_NON_LITERAL_NULL_CONVERSION = YES;
				CLANG_WARN_OBJC_IMPLICIT_RETAIN_SELF = YES;
				CLANG_WARN_OBJC_LITERAL_CONVERSION = YES;
				CLANG_WARN_OBJC_ROOT_CLASS = YES_ERROR;
				CLANG_WARN_QUOTED_INCLUDE_IN_FRAMEWORK_HEADER = YES;
				CLANG_WARN_RANGE_LOOP_ANALYSIS = YES;
				CLANG_WARN_STRICT_PROTOTYPES = YES;
				CLANG_WARN_SUSPICIOUS_MOVE = YES;
				CLANG_WARN_UNGUARDED_AVAILABILITY = YES_AGGRESSIVE;
				CLANG_WARN_UNREACHABLE_CODE = YES;
				CLANG_WARN__DUPLICATE_METHOD_MATCH = YES;
				COPY_PHASE_STRIP = NO;
				DEBUG_INFORMATION_FORMAT = "dwarf-with-dsym";
				ENABLE_NS_ASSERTIONS = NO;
				ENABLE_STRICT_OBJC_MSGSEND = YES;
				GCC_C_LANGUAGE_STANDARD = gnu11;
				GCC_NO_COMMON_BLOCKS = YES;
				GCC_WARN_64_TO_32_BIT_CONVERSION = YES;
				GCC_WARN_ABOUT_RETURN_TYPE = YES_ERROR;
				GCC_WARN_UNDECLARED_SELECTOR = YES;
				GCC_WARN_UNINITIALIZED_AUTOS = YES_AGGRESSIVE;
				GCC_WARN_UNUSED_FUNCTION = YES;
				GCC_WARN_UNUSED_VARIABLE = YES;
				IPHONEOS_DEPLOYMENT_TARGET = 16.4;
				MTL_ENABLE_DEBUG_INFO = NO;
				MTL_FAST_MATH = YES;
				SDKROOT = iphoneos;
				SWIFT_COMPILATION_MODE = wholemodule;
				SWIFT_OPTIMIZATION_LEVEL = "-O";
				VALIDATE_PRODUCT = YES;
			};
			name = Release;
		};
		779BEA722A527C6C00D44A8D /* Debug */ = {
			isa = XCBuildConfiguration;
			baseConfigurationReference = E0B05EDDA3E8EC0DCB5D290B /* Pods-Teria.debug.xcconfig */;
			buildSettings = {
				ASSETCATALOG_COMPILER_APPICON_NAME = AppIcon;
				ASSETCATALOG_COMPILER_GLOBAL_ACCENT_COLOR_NAME = AccentColor;
				CODE_SIGN_STYLE = Automatic;
				CURRENT_PROJECT_VERSION = 1;
				DEVELOPMENT_ASSET_PATHS = "\"Teria/Preview Content\"";
				ENABLE_PREVIEWS = YES;
				GENERATE_INFOPLIST_FILE = YES;
				INFOPLIST_KEY_UIApplicationSceneManifest_Generation = YES;
				INFOPLIST_KEY_UIApplicationSupportsIndirectInputEvents = YES;
				INFOPLIST_KEY_UILaunchScreen_Generation = YES;
				INFOPLIST_KEY_UISupportedInterfaceOrientations_iPad = "UIInterfaceOrientationPortrait UIInterfaceOrientationPortraitUpsideDown UIInterfaceOrientationLandscapeLeft UIInterfaceOrientationLandscapeRight";
				INFOPLIST_KEY_UISupportedInterfaceOrientations_iPhone = "UIInterfaceOrientationPortrait UIInterfaceOrientationLandscapeLeft UIInterfaceOrientationLandscapeRight";
				LD_RUNPATH_SEARCH_PATHS = (
					"$(inherited)",
					"@executable_path/Frameworks",
				);
				MARKETING_VERSION = 1.0;
				PRODUCT_BUNDLE_IDENTIFIER = kro.kr.dyacode.Teria;
				PRODUCT_NAME = "$(TARGET_NAME)";
				SWIFT_EMIT_LOC_STRINGS = YES;
				SWIFT_VERSION = 5.0;
				TARGETED_DEVICE_FAMILY = "1,2";
			};
			name = Debug;
		};
		779BEA732A527C6C00D44A8D /* Release */ = {
			isa = XCBuildConfiguration;
			baseConfigurationReference = E680F89485848C934AF9EF5F /* Pods-Teria.release.xcconfig */;
			buildSettings = {
				ASSETCATALOG_COMPILER_APPICON_NAME = AppIcon;
				ASSETCATALOG_COMPILER_GLOBAL_ACCENT_COLOR_NAME = AccentColor;
				CODE_SIGN_STYLE = Automatic;
				CURRENT_PROJECT_VERSION = 1;
				DEVELOPMENT_ASSET_PATHS = "\"Teria/Preview Content\"";
				ENABLE_PREVIEWS = YES;
				GENERATE_INFOPLIST_FILE = YES;
				INFOPLIST_KEY_UIApplicationSceneManifest_Generation = YES;
				INFOPLIST_KEY_UIApplicationSupportsIndirectInputEvents = YES;
				INFOPLIST_KEY_UILaunchScreen_Generation = YES;
				INFOPLIST_KEY_UISupportedInterfaceOrientations_iPad = "UIInterfaceOrientationPortrait UIInterfaceOrientationPortraitUpsideDown UIInterfaceOrientationLandscapeLeft UIInterfaceOrientationLandscapeRight";
				INFOPLIST_KEY_UISupportedInterfaceOrientations_iPhone = "UIInterfaceOrientationPortrait UIInterfaceOrientationLandscapeLeft UIInterfaceOrientationLandscapeRight";
				LD_RUNPATH_SEARCH_PATHS = (
					"$(inherited)",
					"@executable_path/Frameworks",
				);
				MARKETING_VERSION = 1.0;
				PRODUCT_BUNDLE_IDENTIFIER = kro.kr.dyacode.Teria;
				PRODUCT_NAME = "$(TARGET_NAME)";
				SWIFT_EMIT_LOC_STRINGS = YES;
				SWIFT_VERSION = 5.0;
				TARGETED_DEVICE_FAMILY = "1,2";
			};
			name = Release;
		};
/* End XCBuildConfiguration section */

/* Begin XCConfigurationList section */
		779BEA5E2A527C6B00D44A8D /* Build configuration list for PBXProject "Teria" */ = {
			isa = XCConfigurationList;
			buildConfigurations = (
				779BEA6F2A527C6C00D44A8D /* Debug */,
				779BEA702A527C6C00D44A8D /* Release */,
			);
			defaultConfigurationIsVisible = 0;
			defaultConfigurationName = Release;
		};
		779BEA712A527C6C00D44A8D /* Build configuration list for PBXNativeTarget "Teria" */ = {
			isa = XCConfigurationList;
			buildConfigurations = (
				779BEA722A527C6C00D44A8D /* Debug */,
				779BEA732A527C6C00D44A8D /* Release */,
			);
			defaultConfigurationIsVisible = 0;
			defaultConfigurationName = Release;
		};
/* End XCConfigurationList section */
	};
	rootObject = 779BEA5B2A527C6B00D44A8D /* Project object */;
}
